
Microsoft Visual Studio Solution File, Format Version 12.00
# Visual Studio Version 16
VisualStudioVersion = 16.0.29519.87
MinimumVisualStudioVersion = 10.0.40219.1
Project("{FAE04EC0-301F-11D3-BF4B-00C04F79EFBC}") = "ShellDemo.Android", "ShellDemo\ShellDemo.Android\ShellDemo.Android.csproj", "{3C753891-EF67-434C-A4E0-373330D53DEA}"
EndProject
Project("{FAE04EC0-301F-11D3-BF4B-00C04F79EFBC}") = "ShellDemo.iOS", "ShellDemo\ShellDemo.iOS\ShellDemo.iOS.csproj", "{16DE227E-B031-4709-AC5E-53CACA29D003}"
EndProject
Project("{FAE04EC0-301F-11D3-BF4B-00C04F79EFBC}") = "ShellDemo", "ShellDemo\ShellDemo\ShellDemo.csproj", "{90533763-44BF-4A52-BE20-F93A747A4280}"
EndProject
Global
	GlobalSection(SolutionConfigurationPlatforms) = preSolution
		Debug|Any CPU = Debug|Any CPU
		Debug|iPhone = Debug|iPhone
		Debug|iPhoneSimulator = Debug|iPhoneSimulator
		Release|Any CPU = Release|Any CPU
		Release|iPhone = Release|iPhone
		Release|iPhoneSimulator = Release|iPhoneSimulator
	EndGlobalSection
	GlobalSection(ProjectConfigurationPlatforms) = postSolution
		{3C753891-EF67-434C-A4E0-373330D53DEA}.Debug|Any CPU.ActiveCfg = Debug|Any CPU
		{3C753891-EF67-434C-A4E0-373330D53DEA}.Debug|Any CPU.Build.0 = Debug|Any CPU
		{3C753891-EF67-434C-A4E0-373330D53DEA}.Debug|Any CPU.Deploy.0 = Debug|Any CPU
		{3C753891-EF67-434C-A4E0-373330D53DEA}.Debug|iPhone.ActiveCfg = Debug|Any CPU
		{3C753891-EF67-434C-A4E0-373330D53DEA}.Debug|iPhone.Build.0 = Debug|Any CPU
		{3C753891-EF67-434C-A4E0-373330D53DEA}.Debug|iPhone.Deploy.0 = Debug|Any CPU
		{3C753891-EF67-434C-A4E0-373330D53DEA}.Debug|iPhoneSimulator.ActiveCfg = Debug|Any CPU
		{3C753891-EF67-434C-A4E0-373330D53DEA}.Debug|iPhoneSimulator.Build.0 = Debug|Any CPU
		{3C753891-EF67-434C-A4E0-373330D53DEA}.Debug|iPhoneSimulator.Deploy.0 = Debug|Any CPU
		{3C753891-EF67-434C-A4E0-373330D53DEA}.Release|Any CPU.ActiveCfg = Release|Any CPU
		{3C753891-EF67-434C-A4E0-373330D53DEA}.Release|Any CPU.Build.0 = Release|Any CPU
		{3C753891-EF67-434C-A4E0-373330D53DEA}.Release|Any CPU.Deploy.0 = Release|Any CPU
		{3C753891-EF67-434C-A4E0-373330D53DEA}.Release|iPhone.ActiveCfg = Release|Any CPU
		{3C753891-EF67-434C-A4E0-373330D53DEA}.Release|iPhone.Build.0 = Release|Any CPU
		{3C753891-EF67-434C-A4E0-373330D53DEA}.Release|iPhone.Deploy.0 = Release|Any CPU
		{3C753891-EF67-434C-A4E0-373330D53DEA}.Release|iPhoneSimulator.ActiveCfg = Release|Any CPU
		{3C753891-EF67-434C-A4E0-373330D53DEA}.Release|iPhoneSimulator.Build.0 = Release|Any CPU
		{3C753891-EF67-434C-A4E0-373330D53DEA}.Release|iPhoneSimulator.Deploy.0 = Release|Any CPU
		{16DE227E-B031-4709-AC5E-53CACA29D003}.Debug|Any CPU.ActiveCfg = Debug|iPhoneSimulator
		{16DE227E-B031-4709-AC5E-53CACA29D003}.Debug|Any CPU.Build.0 = Debug|iPhoneSimulator
		{16DE227E-B031-4709-AC5E-53CACA29D003}.Debug|Any CPU.Deploy.0 = Debug|iPhoneSimulator
		{16DE227E-B031-4709-AC5E-53CACA29D003}.Debug|iPhone.ActiveCfg = Debug|iPhone
		{16DE227E-B031-4709-AC5E-53CACA29D003}.Debug|iPhone.Build.0 = Debug|iPhone
		{16DE227E-B031-4709-AC5E-53CACA29D003}.Debug|iPhone.Deploy.0 = Debug|iPhone
		{16DE227E-B031-4709-AC5E-53CACA29D003}.Debug|iPhoneSimulator.ActiveCfg = Debug|iPhoneSimulator
		{16DE227E-B031-4709-AC5E-53CACA29D003}.Debug|iPhoneSimulator.Build.0 = Debug|iPhoneSimulator
		{16DE227E-B031-4709-AC5E-53CACA29D003}.Debug|iPhoneSimulator.Deploy.0 = Debug|iPhoneSimulator
		{16DE227E-B031-4709-AC5E-53CACA29D003}.Release|Any CPU.ActiveCfg = Release|iPhone
		{16DE227E-B031-4709-AC5E-53CACA29D003}.Release|Any CPU.Build.0 = Release|iPhone
		{16DE227E-B031-4709-AC5E-53CACA29D003}.Release|Any CPU.Deploy.0 = Release|iPhone
		{16DE227E-B031-4709-AC5E-53CACA29D003}.Release|iPhone.ActiveCfg = Release|iPhone
		{16DE227E-B031-4709-AC5E-53CACA29D003}.Release|iPhone.Build.0 = Release|iPhone
		{16DE227E-B031-4709-AC5E-53CACA29D003}.Release|iPhone.Deploy.0 = Release|iPhone
		{16DE227E-B031-4709-AC5E-53CACA29D003}.Release|iPhoneSimulator.ActiveCfg = Release|iPhoneSimulator
		{16DE227E-B031-4709-AC5E-53CACA29D003}.Release|iPhoneSimulator.Build.0 = Release|iPhoneSimulator
		{16DE227E-B031-4709-AC5E-53CACA29D003}.Release|iPhoneSimulator.Deploy.0 = Release|iPhoneSimulator
		{90533763-44BF-4A52-BE20-F93A747A4280}.Debug|Any CPU.ActiveCfg = Debug|Any CPU
		{90533763-44BF-4A52-BE20-F93A747A4280}.Debug|Any CPU.Build.0 = Debug|Any CPU
		{90533763-44BF-4A52-BE20-F93A747A4280}.Debug|Any CPU.Deploy.0 = Debug|Any CPU
		{90533763-44BF-4A52-BE20-F93A747A4280}.Debug|iPhone.ActiveCfg = Debug|Any CPU
		{90533763-44BF-4A52-BE20-F93A747A4280}.Debug|iPhone.Build.0 = Debug|Any CPU
		{90533763-44BF-4A52-BE20-F93A747A4280}.Debug|iPhone.Deploy.0 = Debug|Any CPU
		{90533763-44BF-4A52-BE20-F93A747A4280}.Debug|iPhoneSimulator.ActiveCfg = Debug|Any CPU
		{90533763-44BF-4A52-BE20-F93A747A4280}.Debug|iPhoneSimulator.Build.0 = Debug|Any CPU
		{90533763-44BF-4A52-BE20-F93A747A4280}.Debug|iPhoneSimulator.Deploy.0 = Debug|Any CPU
		{90533763-44BF-4A52-BE20-F93A747A4280}.Release|Any CPU.ActiveCfg = Release|Any CPU
		{90533763-44BF-4A52-BE20-F93A747A4280}.Release|Any CPU.Build.0 = Release|Any CPU
		{90533763-44BF-4A52-BE20-F93A747A4280}.Release|Any CPU.Deploy.0 = Release|Any CPU
		{90533763-44BF-4A52-BE20-F93A747A4280}.Release|iPhone.ActiveCfg = Release|Any CPU
		{90533763-44BF-4A52-BE20-F93A747A4280}.Release|iPhone.Build.0 = Release|Any CPU
		{90533763-44BF-4A52-BE20-F93A747A4280}.Release|iPhone.Deploy.0 = Release|Any CPU
		{90533763-44BF-4A52-BE20-F93A747A4280}.Release|iPhoneSimulator.ActiveCfg = Release|Any CPU
		{90533763-44BF-4A52-BE20-F93A747A4280}.Release|iPhoneSimulator.Build.0 = Release|Any CPU
		{90533763-44BF-4A52-BE20-F93A747A4280}.Release|iPhoneSimulator.Deploy.0 = Release|Any CPU
	EndGlobalSection
	GlobalSection(SolutionProperties) = preSolution
		HideSolutionNode = FALSE
	EndGlobalSection
	GlobalSection(ExtensibilityGlobals) = postSolution
		SolutionGuid = {A722C3AD-16D7-48AF-9C47-DCE9C1245151}
	EndGlobalSection
EndGlobal
