
Microsoft Visual Studio Solution File, Format Version 12.00
# Visual Studio Version 16
VisualStudioVersion = 16.0.29519.87
MinimumVisualStudioVersion = 10.0.40219.1
Project("{FAE04EC0-301F-11D3-BF4B-00C04F79EFBC}") = "ShellDemo.Android", "ShellDemo\ShellDemo.Android\ShellDemo.Android.csproj", "{D66A6767-0E13-4608-A3F7-FD5271F84F01}"
EndProject
Project("{FAE04EC0-301F-11D3-BF4B-00C04F79EFBC}") = "ShellDemo.iOS", "ShellDemo\ShellDemo.iOS\ShellDemo.iOS.csproj", "{540CF82D-D9C1-4182-B903-291420337DAD}"
EndProject
Project("{FAE04EC0-301F-11D3-BF4B-00C04F79EFBC}") = "ShellDemo", "ShellDemo\ShellDemo\ShellDemo.csproj", "{3F1F2466-E67B-45EB-8AE8-F89AD10BA9DD}"
EndProject
Global
	GlobalSection(SolutionConfigurationPlatforms) = preSolution
		Debug|Any CPU = Debug|Any CPU
		Debug|iPhone = Debug|iPhone
		Debug|iPhoneSimulator = Debug|iPhoneSimulator
		Release|Any CPU = Release|Any CPU
		Release|iPhone = Release|iPhone
		Release|iPhoneSimulator = Release|iPhoneSimulator
	EndGlobalSection
	GlobalSection(ProjectConfigurationPlatforms) = postSolution
		{D66A6767-0E13-4608-A3F7-FD5271F84F01}.Debug|Any CPU.ActiveCfg = Debug|Any CPU
		{D66A6767-0E13-4608-A3F7-FD5271F84F01}.Debug|Any CPU.Build.0 = Debug|Any CPU
		{D66A6767-0E13-4608-A3F7-FD5271F84F01}.Debug|Any CPU.Deploy.0 = Debug|Any CPU
		{D66A6767-0E13-4608-A3F7-FD5271F84F01}.Debug|iPhone.ActiveCfg = Debug|Any CPU
		{D66A6767-0E13-4608-A3F7-FD5271F84F01}.Debug|iPhone.Build.0 = Debug|Any CPU
		{D66A6767-0E13-4608-A3F7-FD5271F84F01}.Debug|iPhone.Deploy.0 = Debug|Any CPU
		{D66A6767-0E13-4608-A3F7-FD5271F84F01}.Debug|iPhoneSimulator.ActiveCfg = Debug|Any CPU
		{D66A6767-0E13-4608-A3F7-FD5271F84F01}.Debug|iPhoneSimulator.Build.0 = Debug|Any CPU
		{D66A6767-0E13-4608-A3F7-FD5271F84F01}.Debug|iPhoneSimulator.Deploy.0 = Debug|Any CPU
		{D66A6767-0E13-4608-A3F7-FD5271F84F01}.Release|Any CPU.ActiveCfg = Release|Any CPU
		{D66A6767-0E13-4608-A3F7-FD5271F84F01}.Release|Any CPU.Build.0 = Release|Any CPU
		{D66A6767-0E13-4608-A3F7-FD5271F84F01}.Release|Any CPU.Deploy.0 = Release|Any CPU
		{D66A6767-0E13-4608-A3F7-FD5271F84F01}.Release|iPhone.ActiveCfg = Release|Any CPU
		{D66A6767-0E13-4608-A3F7-FD5271F84F01}.Release|iPhone.Build.0 = Release|Any CPU
		{D66A6767-0E13-4608-A3F7-FD5271F84F01}.Release|iPhone.Deploy.0 = Release|Any CPU
		{D66A6767-0E13-4608-A3F7-FD5271F84F01}.Release|iPhoneSimulator.ActiveCfg = Release|Any CPU
		{D66A6767-0E13-4608-A3F7-FD5271F84F01}.Release|iPhoneSimulator.Build.0 = Release|Any CPU
		{D66A6767-0E13-4608-A3F7-FD5271F84F01}.Release|iPhoneSimulator.Deploy.0 = Release|Any CPU
		{540CF82D-D9C1-4182-B903-291420337DAD}.Debug|Any CPU.ActiveCfg = Debug|iPhoneSimulator
		{540CF82D-D9C1-4182-B903-291420337DAD}.Debug|Any CPU.Build.0 = Debug|iPhoneSimulator
		{540CF82D-D9C1-4182-B903-291420337DAD}.Debug|Any CPU.Deploy.0 = Debug|iPhoneSimulator
		{540CF82D-D9C1-4182-B903-291420337DAD}.Debug|iPhone.ActiveCfg = Debug|iPhone
		{540CF82D-D9C1-4182-B903-291420337DAD}.Debug|iPhone.Build.0 = Debug|iPhone
		{540CF82D-D9C1-4182-B903-291420337DAD}.Debug|iPhone.Deploy.0 = Debug|iPhone
		{540CF82D-D9C1-4182-B903-291420337DAD}.Debug|iPhoneSimulator.ActiveCfg = Debug|iPhoneSimulator
		{540CF82D-D9C1-4182-B903-291420337DAD}.Debug|iPhoneSimulator.Build.0 = Debug|iPhoneSimulator
		{540CF82D-D9C1-4182-B903-291420337DAD}.Debug|iPhoneSimulator.Deploy.0 = Debug|iPhoneSimulator
		{540CF82D-D9C1-4182-B903-291420337DAD}.Release|Any CPU.ActiveCfg = Release|iPhone
		{540CF82D-D9C1-4182-B903-291420337DAD}.Release|Any CPU.Build.0 = Release|iPhone
		{540CF82D-D9C1-4182-B903-291420337DAD}.Release|Any CPU.Deploy.0 = Release|iPhone
		{540CF82D-D9C1-4182-B903-291420337DAD}.Release|iPhone.ActiveCfg = Release|iPhone
		{540CF82D-D9C1-4182-B903-291420337DAD}.Release|iPhone.Build.0 = Release|iPhone
		{540CF82D-D9C1-4182-B903-291420337DAD}.Release|iPhone.Deploy.0 = Release|iPhone
		{540CF82D-D9C1-4182-B903-291420337DAD}.Release|iPhoneSimulator.ActiveCfg = Release|iPhoneSimulator
		{540CF82D-D9C1-4182-B903-291420337DAD}.Release|iPhoneSimulator.Build.0 = Release|iPhoneSimulator
		{540CF82D-D9C1-4182-B903-291420337DAD}.Release|iPhoneSimulator.Deploy.0 = Release|iPhoneSimulator
		{3F1F2466-E67B-45EB-8AE8-F89AD10BA9DD}.Debug|Any CPU.ActiveCfg = Debug|Any CPU
		{3F1F2466-E67B-45EB-8AE8-F89AD10BA9DD}.Debug|Any CPU.Build.0 = Debug|Any CPU
		{3F1F2466-E67B-45EB-8AE8-F89AD10BA9DD}.Debug|Any CPU.Deploy.0 = Debug|Any CPU
		{3F1F2466-E67B-45EB-8AE8-F89AD10BA9DD}.Debug|iPhone.ActiveCfg = Debug|Any CPU
		{3F1F2466-E67B-45EB-8AE8-F89AD10BA9DD}.Debug|iPhone.Build.0 = Debug|Any CPU
		{3F1F2466-E67B-45EB-8AE8-F89AD10BA9DD}.Debug|iPhone.Deploy.0 = Debug|Any CPU
		{3F1F2466-E67B-45EB-8AE8-F89AD10BA9DD}.Debug|iPhoneSimulator.ActiveCfg = Debug|Any CPU
		{3F1F2466-E67B-45EB-8AE8-F89AD10BA9DD}.Debug|iPhoneSimulator.Build.0 = Debug|Any CPU
		{3F1F2466-E67B-45EB-8AE8-F89AD10BA9DD}.Debug|iPhoneSimulator.Deploy.0 = Debug|Any CPU
		{3F1F2466-E67B-45EB-8AE8-F89AD10BA9DD}.Release|Any CPU.ActiveCfg = Release|Any CPU
		{3F1F2466-E67B-45EB-8AE8-F89AD10BA9DD}.Release|Any CPU.Build.0 = Release|Any CPU
		{3F1F2466-E67B-45EB-8AE8-F89AD10BA9DD}.Release|Any CPU.Deploy.0 = Release|Any CPU
		{3F1F2466-E67B-45EB-8AE8-F89AD10BA9DD}.Release|iPhone.ActiveCfg = Release|Any CPU
		{3F1F2466-E67B-45EB-8AE8-F89AD10BA9DD}.Release|iPhone.Build.0 = Release|Any CPU
		{3F1F2466-E67B-45EB-8AE8-F89AD10BA9DD}.Release|iPhone.Deploy.0 = Release|Any CPU
		{3F1F2466-E67B-45EB-8AE8-F89AD10BA9DD}.Release|iPhoneSimulator.ActiveCfg = Release|Any CPU
		{3F1F2466-E67B-45EB-8AE8-F89AD10BA9DD}.Release|iPhoneSimulator.Build.0 = Release|Any CPU
		{3F1F2466-E67B-45EB-8AE8-F89AD10BA9DD}.Release|iPhoneSimulator.Deploy.0 = Release|Any CPU
	EndGlobalSection
	GlobalSection(SolutionProperties) = preSolution
		HideSolutionNode = FALSE
	EndGlobalSection
	GlobalSection(ExtensibilityGlobals) = postSolution
		SolutionGuid = {452AA89D-C644-417A-A650-7F6B6665A9AA}
	EndGlobalSection
EndGlobal
